
Microsoft Visual Studio Solution File, Format Version 12.00
# Visual Studio 15
VisualStudioVersion = 15.0.26430.6
MinimumVisualStudioVersion = 10.0.40219.1
Project("{2150E333-8FDC-42A3-9474-1A3956D46DE8}") = "Interpreters", "Interpreters", "{16A9EA72-79A5-448D-B7A3-55E7D8362479}"
EndProject
Project("{2150E333-8FDC-42A3-9474-1A3956D46DE8}") = "Distribution", "Distribution", "{59F722D5-6E5C-4544-A849-18E7CE876FDF}"
EndProject
Project("{2150E333-8FDC-42A3-9474-1A3956D46DE8}") = "Tests", "Tests", "{FA582319-EA17-4C52-870D-C00EF793628F}"
EndProject
Project("{2150E333-8FDC-42A3-9474-1A3956D46DE8}") = "TestRunners", "TestRunners", "{023F1F7D-5F49-430F-9CC4-5FF891439548}"
EndProject
Project("{FAE04EC0-301F-11D3-BF4B-00C04F79EFBC}") = "MoonSharp.Interpreter.net46", "MoonSharp.Interpreter\_Projects\MoonSharp.Interpreter.net46\MoonSharp.Interpreter.net46.csproj", "{9AA60571-754D-442E-922D-CFC7CC66808C}"
EndProject
Project("{FAE04EC0-301F-11D3-BF4B-00C04F79EFBC}") = "MoonSharp.Interpreter.Tests.net46", "MoonSharp.Interpreter.Tests\_Projects\MoonSharp.Interpreter.Tests.net46\MoonSharp.Interpreter.Tests.net46.csproj", "{1E2035E1-C1BD-4C15-AC03-660D0A190E4E}"
EndProject
Project("{FAE04EC0-301F-11D3-BF4B-00C04F79EFBC}") = "ConsoleTestRunner.net46", "TestRunners\ConsoleTestRunner.net46\ConsoleTestRunner.net46.csproj", "{C3391BDE-A79D-4CA0-899E-B308F451C075}"
EndProject
Project("{FAE04EC0-301F-11D3-BF4B-00C04F79EFBC}") = "MoonSharp.HardWire.net46", "MoonSharp.Hardwire\_Projects\MoonSharp.HardWire.net46\MoonSharp.HardWire.net46.csproj", "{487C1507-DD18-44F9-81D1-EAD67F943B2D}"
EndProject
Project("{FAE04EC0-301F-11D3-BF4B-00C04F79EFBC}") = "MoonSharp.net46", "MoonSharp\_Projects\MoonSharp.net46\MoonSharp.net46.csproj", "{390CEC86-A25B-4DB3-B7A0-AC1D1C035023}"
EndProject
Global
	GlobalSection(SolutionConfigurationPlatforms) = preSolution
		CI|Any CPU = CI|Any CPU
		CI|ARM = CI|ARM
		CI|x64 = CI|x64
		CI|x86 = CI|x86
		Debug|Any CPU = Debug|Any CPU
		Debug|ARM = Debug|ARM
		Debug|x64 = Debug|x64
		Debug|x86 = Debug|x86
		Dev|Any CPU = Dev|Any CPU
		Dev|ARM = Dev|ARM
		Dev|x64 = Dev|x64
		Dev|x86 = Dev|x86
		Devp4|Any CPU = Devp4|Any CPU
		Devp4|ARM = Devp4|ARM
		Devp4|x64 = Devp4|x64
		Devp4|x86 = Devp4|x86
		Release|Any CPU = Release|Any CPU
		Release|ARM = Release|ARM
		Release|x64 = Release|x64
		Release|x86 = Release|x86
	EndGlobalSection
	GlobalSection(ProjectConfigurationPlatforms) = postSolution
		{9AA60571-754D-442E-922D-CFC7CC66808C}.CI|Any CPU.ActiveCfg = Release|Any CPU
		{9AA60571-754D-442E-922D-CFC7CC66808C}.CI|Any CPU.Build.0 = Release|Any CPU
		{9AA60571-754D-442E-922D-CFC7CC66808C}.CI|ARM.ActiveCfg = Release|Any CPU
		{9AA60571-754D-442E-922D-CFC7CC66808C}.CI|ARM.Build.0 = Release|Any CPU
		{9AA60571-754D-442E-922D-CFC7CC66808C}.CI|x64.ActiveCfg = Release|Any CPU
		{9AA60571-754D-442E-922D-CFC7CC66808C}.CI|x64.Build.0 = Release|Any CPU
		{9AA60571-754D-442E-922D-CFC7CC66808C}.CI|x86.ActiveCfg = Release|Any CPU
		{9AA60571-754D-442E-922D-CFC7CC66808C}.CI|x86.Build.0 = Release|Any CPU
		{9AA60571-754D-442E-922D-CFC7CC66808C}.Debug|Any CPU.ActiveCfg = Debug|Any CPU
		{9AA60571-754D-442E-922D-CFC7CC66808C}.Debug|Any CPU.Build.0 = Debug|Any CPU
		{9AA60571-754D-442E-922D-CFC7CC66808C}.Debug|ARM.ActiveCfg = Debug|Any CPU
		{9AA60571-754D-442E-922D-CFC7CC66808C}.Debug|ARM.Build.0 = Debug|Any CPU
		{9AA60571-754D-442E-922D-CFC7CC66808C}.Debug|x64.ActiveCfg = Debug|Any CPU
		{9AA60571-754D-442E-922D-CFC7CC66808C}.Debug|x64.Build.0 = Debug|Any CPU
		{9AA60571-754D-442E-922D-CFC7CC66808C}.Debug|x86.ActiveCfg = Debug|Any CPU
		{9AA60571-754D-442E-922D-CFC7CC66808C}.Debug|x86.Build.0 = Debug|Any CPU
		{9AA60571-754D-442E-922D-CFC7CC66808C}.Dev|Any CPU.ActiveCfg = Debug|Any CPU
		{9AA60571-754D-442E-922D-CFC7CC66808C}.Dev|Any CPU.Build.0 = Debug|Any CPU
		{9AA60571-754D-442E-922D-CFC7CC66808C}.Dev|ARM.ActiveCfg = Debug|Any CPU
		{9AA60571-754D-442E-922D-CFC7CC66808C}.Dev|ARM.Build.0 = Debug|Any CPU
		{9AA60571-754D-442E-922D-CFC7CC66808C}.Dev|x64.ActiveCfg = Debug|Any CPU
		{9AA60571-754D-442E-922D-CFC7CC66808C}.Dev|x64.Build.0 = Debug|Any CPU
		{9AA60571-754D-442E-922D-CFC7CC66808C}.Dev|x86.ActiveCfg = Debug|Any CPU
		{9AA60571-754D-442E-922D-CFC7CC66808C}.Dev|x86.Build.0 = Debug|Any CPU
		{9AA60571-754D-442E-922D-CFC7CC66808C}.Devp4|Any CPU.ActiveCfg = Debug|Any CPU
		{9AA60571-754D-442E-922D-CFC7CC66808C}.Devp4|Any CPU.Build.0 = Debug|Any CPU
		{9AA60571-754D-442E-922D-CFC7CC66808C}.Devp4|ARM.ActiveCfg = Debug|Any CPU
		{9AA60571-754D-442E-922D-CFC7CC66808C}.Devp4|ARM.Build.0 = Debug|Any CPU
		{9AA60571-754D-442E-922D-CFC7CC66808C}.Devp4|x64.ActiveCfg = Debug|Any CPU
		{9AA60571-754D-442E-922D-CFC7CC66808C}.Devp4|x64.Build.0 = Debug|Any CPU
		{9AA60571-754D-442E-922D-CFC7CC66808C}.Devp4|x86.ActiveCfg = Debug|Any CPU
		{9AA60571-754D-442E-922D-CFC7CC66808C}.Devp4|x86.Build.0 = Debug|Any CPU
		{9AA60571-754D-442E-922D-CFC7CC66808C}.Release|Any CPU.ActiveCfg = Release|Any CPU
		{9AA60571-754D-442E-922D-CFC7CC66808C}.Release|Any CPU.Build.0 = Release|Any CPU
		{9AA60571-754D-442E-922D-CFC7CC66808C}.Release|ARM.ActiveCfg = Release|Any CPU
		{9AA60571-754D-442E-922D-CFC7CC66808C}.Release|ARM.Build.0 = Release|Any CPU
		{9AA60571-754D-442E-922D-CFC7CC66808C}.Release|x64.ActiveCfg = Release|Any CPU
		{9AA60571-754D-442E-922D-CFC7CC66808C}.Release|x64.Build.0 = Release|Any CPU
		{9AA60571-754D-442E-922D-CFC7CC66808C}.Release|x86.ActiveCfg = Release|Any CPU
		{9AA60571-754D-442E-922D-CFC7CC66808C}.Release|x86.Build.0 = Release|Any CPU
		{1E2035E1-C1BD-4C15-AC03-660D0A190E4E}.CI|Any CPU.ActiveCfg = Release|Any CPU
		{1E2035E1-C1BD-4C15-AC03-660D0A190E4E}.CI|Any CPU.Build.0 = Release|Any CPU
		{1E2035E1-C1BD-4C15-AC03-660D0A190E4E}.CI|ARM.ActiveCfg = Release|Any CPU
		{1E2035E1-C1BD-4C15-AC03-660D0A190E4E}.CI|ARM.Build.0 = Release|Any CPU
		{1E2035E1-C1BD-4C15-AC03-660D0A190E4E}.CI|x64.ActiveCfg = Release|Any CPU
		{1E2035E1-C1BD-4C15-AC03-660D0A190E4E}.CI|x64.Build.0 = Release|Any CPU
		{1E2035E1-C1BD-4C15-AC03-660D0A190E4E}.CI|x86.ActiveCfg = Release|Any CPU
		{1E2035E1-C1BD-4C15-AC03-660D0A190E4E}.CI|x86.Build.0 = Release|Any CPU
		{1E2035E1-C1BD-4C15-AC03-660D0A190E4E}.Debug|Any CPU.ActiveCfg = Debug|Any CPU
		{1E2035E1-C1BD-4C15-AC03-660D0A190E4E}.Debug|Any CPU.Build.0 = Debug|Any CPU
		{1E2035E1-C1BD-4C15-AC03-660D0A190E4E}.Debug|ARM.ActiveCfg = Debug|Any CPU
		{1E2035E1-C1BD-4C15-AC03-660D0A190E4E}.Debug|ARM.Build.0 = Debug|Any CPU
		{1E2035E1-C1BD-4C15-AC03-660D0A190E4E}.Debug|x64.ActiveCfg = Debug|Any CPU
		{1E2035E1-C1BD-4C15-AC03-660D0A190E4E}.Debug|x64.Build.0 = Debug|Any CPU
		{1E2035E1-C1BD-4C15-AC03-660D0A190E4E}.Debug|x86.ActiveCfg = Debug|Any CPU
		{1E2035E1-C1BD-4C15-AC03-660D0A190E4E}.Debug|x86.Build.0 = Debug|Any CPU
		{1E2035E1-C1BD-4C15-AC03-660D0A190E4E}.Dev|Any CPU.ActiveCfg = Debug|Any CPU
		{1E2035E1-C1BD-4C15-AC03-660D0A190E4E}.Dev|Any CPU.Build.0 = Debug|Any CPU
		{1E2035E1-C1BD-4C15-AC03-660D0A190E4E}.Dev|ARM.ActiveCfg = Debug|Any CPU
		{1E2035E1-C1BD-4C15-AC03-660D0A190E4E}.Dev|ARM.Build.0 = Debug|Any CPU
		{1E2035E1-C1BD-4C15-AC03-660D0A190E4E}.Dev|x64.ActiveCfg = Debug|Any CPU
		{1E2035E1-C1BD-4C15-AC03-660D0A190E4E}.Dev|x64.Build.0 = Debug|Any CPU
		{1E2035E1-C1BD-4C15-AC03-660D0A190E4E}.Dev|x86.ActiveCfg = Debug|Any CPU
		{1E2035E1-C1BD-4C15-AC03-660D0A190E4E}.Dev|x86.Build.0 = Debug|Any CPU
		{1E2035E1-C1BD-4C15-AC03-660D0A190E4E}.Devp4|Any CPU.ActiveCfg = Debug|Any CPU
		{1E2035E1-C1BD-4C15-AC03-660D0A190E4E}.Devp4|Any CPU.Build.0 = Debug|Any CPU
		{1E2035E1-C1BD-4C15-AC03-660D0A190E4E}.Devp4|ARM.ActiveCfg = Debug|Any CPU
		{1E2035E1-C1BD-4C15-AC03-660D0A190E4E}.Devp4|ARM.Build.0 = Debug|Any CPU
		{1E2035E1-C1BD-4C15-AC03-660D0A190E4E}.Devp4|x64.ActiveCfg = Debug|Any CPU
		{1E2035E1-C1BD-4C15-AC03-660D0A190E4E}.Devp4|x64.Build.0 = Debug|Any CPU
		{1E2035E1-C1BD-4C15-AC03-660D0A190E4E}.Devp4|x86.ActiveCfg = Debug|Any CPU
		{1E2035E1-C1BD-4C15-AC03-660D0A190E4E}.Devp4|x86.Build.0 = Debug|Any CPU
		{1E2035E1-C1BD-4C15-AC03-660D0A190E4E}.Release|Any CPU.ActiveCfg = Release|Any CPU
		{1E2035E1-C1BD-4C15-AC03-660D0A190E4E}.Release|Any CPU.Build.0 = Release|Any CPU
		{1E2035E1-C1BD-4C15-AC03-660D0A190E4E}.Release|ARM.ActiveCfg = Release|Any CPU
		{1E2035E1-C1BD-4C15-AC03-660D0A190E4E}.Release|ARM.Build.0 = Release|Any CPU
		{1E2035E1-C1BD-4C15-AC03-660D0A190E4E}.Release|x64.ActiveCfg = Release|Any CPU
		{1E2035E1-C1BD-4C15-AC03-660D0A190E4E}.Release|x64.Build.0 = Release|Any CPU
		{1E2035E1-C1BD-4C15-AC03-660D0A190E4E}.Release|x86.ActiveCfg = Release|Any CPU
		{1E2035E1-C1BD-4C15-AC03-660D0A190E4E}.Release|x86.Build.0 = Release|Any CPU
		{C3391BDE-A79D-4CA0-899E-B308F451C075}.CI|Any CPU.ActiveCfg = Release|Any CPU
		{C3391BDE-A79D-4CA0-899E-B308F451C075}.CI|Any CPU.Build.0 = Release|Any CPU
		{C3391BDE-A79D-4CA0-899E-B308F451C075}.CI|ARM.ActiveCfg = Release|Any CPU
		{C3391BDE-A79D-4CA0-899E-B308F451C075}.CI|ARM.Build.0 = Release|Any CPU
		{C3391BDE-A79D-4CA0-899E-B308F451C075}.CI|x64.ActiveCfg = Release|Any CPU
		{C3391BDE-A79D-4CA0-899E-B308F451C075}.CI|x64.Build.0 = Release|Any CPU
		{C3391BDE-A79D-4CA0-899E-B308F451C075}.CI|x86.ActiveCfg = Release|Any CPU
		{C3391BDE-A79D-4CA0-899E-B308F451C075}.CI|x86.Build.0 = Release|Any CPU
		{C3391BDE-A79D-4CA0-899E-B308F451C075}.Debug|Any CPU.ActiveCfg = Debug|Any CPU
		{C3391BDE-A79D-4CA0-899E-B308F451C075}.Debug|Any CPU.Build.0 = Debug|Any CPU
		{C3391BDE-A79D-4CA0-899E-B308F451C075}.Debug|ARM.ActiveCfg = Debug|Any CPU
		{C3391BDE-A79D-4CA0-899E-B308F451C075}.Debug|ARM.Build.0 = Debug|Any CPU
		{C3391BDE-A79D-4CA0-899E-B308F451C075}.Debug|x64.ActiveCfg = Debug|Any CPU
		{C3391BDE-A79D-4CA0-899E-B308F451C075}.Debug|x64.Build.0 = Debug|Any CPU
		{C3391BDE-A79D-4CA0-899E-B308F451C075}.Debug|x86.ActiveCfg = Debug|Any CPU
		{C3391BDE-A79D-4CA0-899E-B308F451C075}.Debug|x86.Build.0 = Debug|Any CPU
		{C3391BDE-A79D-4CA0-899E-B308F451C075}.Dev|Any CPU.ActiveCfg = Debug|Any CPU
		{C3391BDE-A79D-4CA0-899E-B308F451C075}.Dev|Any CPU.Build.0 = Debug|Any CPU
		{C3391BDE-A79D-4CA0-899E-B308F451C075}.Dev|ARM.ActiveCfg = Debug|Any CPU
		{C3391BDE-A79D-4CA0-899E-B308F451C075}.Dev|ARM.Build.0 = Debug|Any CPU
		{C3391BDE-A79D-4CA0-899E-B308F451C075}.Dev|x64.ActiveCfg = Debug|Any CPU
		{C3391BDE-A79D-4CA0-899E-B308F451C075}.Dev|x64.Build.0 = Debug|Any CPU
		{C3391BDE-A79D-4CA0-899E-B308F451C075}.Dev|x86.ActiveCfg = Debug|Any CPU
		{C3391BDE-A79D-4CA0-899E-B308F451C075}.Dev|x86.Build.0 = Debug|Any CPU
		{C3391BDE-A79D-4CA0-899E-B308F451C075}.Devp4|Any CPU.ActiveCfg = Debug|Any CPU
		{C3391BDE-A79D-4CA0-899E-B308F451C075}.Devp4|Any CPU.Build.0 = Debug|Any CPU
		{C3391BDE-A79D-4CA0-899E-B308F451C075}.Devp4|ARM.ActiveCfg = Debug|Any CPU
		{C3391BDE-A79D-4CA0-899E-B308F451C075}.Devp4|ARM.Build.0 = Debug|Any CPU
		{C3391BDE-A79D-4CA0-899E-B308F451C075}.Devp4|x64.ActiveCfg = Debug|Any CPU
		{C3391BDE-A79D-4CA0-899E-B308F451C075}.Devp4|x64.Build.0 = Debug|Any CPU
		{C3391BDE-A79D-4CA0-899E-B308F451C075}.Devp4|x86.ActiveCfg = Debug|Any CPU
		{C3391BDE-A79D-4CA0-899E-B308F451C075}.Devp4|x86.Build.0 = Debug|Any CPU
		{C3391BDE-A79D-4CA0-899E-B308F451C075}.Release|Any CPU.ActiveCfg = Release|Any CPU
		{C3391BDE-A79D-4CA0-899E-B308F451C075}.Release|Any CPU.Build.0 = Release|Any CPU
		{C3391BDE-A79D-4CA0-899E-B308F451C075}.Release|ARM.ActiveCfg = Release|Any CPU
		{C3391BDE-A79D-4CA0-899E-B308F451C075}.Release|ARM.Build.0 = Release|Any CPU
		{C3391BDE-A79D-4CA0-899E-B308F451C075}.Release|x64.ActiveCfg = Release|Any CPU
		{C3391BDE-A79D-4CA0-899E-B308F451C075}.Release|x64.Build.0 = Release|Any CPU
		{C3391BDE-A79D-4CA0-899E-B308F451C075}.Release|x86.ActiveCfg = Release|Any CPU
		{C3391BDE-A79D-4CA0-899E-B308F451C075}.Release|x86.Build.0 = Release|Any CPU
		{487C1507-DD18-44F9-81D1-EAD67F943B2D}.CI|Any CPU.ActiveCfg = Release|Any CPU
		{487C1507-DD18-44F9-81D1-EAD67F943B2D}.CI|Any CPU.Build.0 = Release|Any CPU
		{487C1507-DD18-44F9-81D1-EAD67F943B2D}.CI|ARM.ActiveCfg = Release|Any CPU
		{487C1507-DD18-44F9-81D1-EAD67F943B2D}.CI|ARM.Build.0 = Release|Any CPU
		{487C1507-DD18-44F9-81D1-EAD67F943B2D}.CI|x64.ActiveCfg = Release|Any CPU
		{487C1507-DD18-44F9-81D1-EAD67F943B2D}.CI|x64.Build.0 = Release|Any CPU
		{487C1507-DD18-44F9-81D1-EAD67F943B2D}.CI|x86.ActiveCfg = Release|Any CPU
		{487C1507-DD18-44F9-81D1-EAD67F943B2D}.CI|x86.Build.0 = Release|Any CPU
		{487C1507-DD18-44F9-81D1-EAD67F943B2D}.Debug|Any CPU.ActiveCfg = Debug|Any CPU
		{487C1507-DD18-44F9-81D1-EAD67F943B2D}.Debug|Any CPU.Build.0 = Debug|Any CPU
		{487C1507-DD18-44F9-81D1-EAD67F943B2D}.Debug|ARM.ActiveCfg = Debug|Any CPU
		{487C1507-DD18-44F9-81D1-EAD67F943B2D}.Debug|ARM.Build.0 = Debug|Any CPU
		{487C1507-DD18-44F9-81D1-EAD67F943B2D}.Debug|x64.ActiveCfg = Debug|Any CPU
		{487C1507-DD18-44F9-81D1-EAD67F943B2D}.Debug|x64.Build.0 = Debug|Any CPU
		{487C1507-DD18-44F9-81D1-EAD67F943B2D}.Debug|x86.ActiveCfg = Debug|Any CPU
		{487C1507-DD18-44F9-81D1-EAD67F943B2D}.Debug|x86.Build.0 = Debug|Any CPU
		{487C1507-DD18-44F9-81D1-EAD67F943B2D}.Dev|Any CPU.ActiveCfg = Debug|Any CPU
		{487C1507-DD18-44F9-81D1-EAD67F943B2D}.Dev|Any CPU.Build.0 = Debug|Any CPU
		{487C1507-DD18-44F9-81D1-EAD67F943B2D}.Dev|ARM.ActiveCfg = Debug|Any CPU
		{487C1507-DD18-44F9-81D1-EAD67F943B2D}.Dev|ARM.Build.0 = Debug|Any CPU
		{487C1507-DD18-44F9-81D1-EAD67F943B2D}.Dev|x64.ActiveCfg = Debug|Any CPU
		{487C1507-DD18-44F9-81D1-EAD67F943B2D}.Dev|x64.Build.0 = Debug|Any CPU
		{487C1507-DD18-44F9-81D1-EAD67F943B2D}.Dev|x86.ActiveCfg = Debug|Any CPU
		{487C1507-DD18-44F9-81D1-EAD67F943B2D}.Dev|x86.Build.0 = Debug|Any CPU
		{487C1507-DD18-44F9-81D1-EAD67F943B2D}.Devp4|Any CPU.ActiveCfg = Debug|Any CPU
		{487C1507-DD18-44F9-81D1-EAD67F943B2D}.Devp4|Any CPU.Build.0 = Debug|Any CPU
		{487C1507-DD18-44F9-81D1-EAD67F943B2D}.Devp4|ARM.ActiveCfg = Debug|Any CPU
		{487C1507-DD18-44F9-81D1-EAD67F943B2D}.Devp4|ARM.Build.0 = Debug|Any CPU
		{487C1507-DD18-44F9-81D1-EAD67F943B2D}.Devp4|x64.ActiveCfg = Debug|Any CPU
		{487C1507-DD18-44F9-81D1-EAD67F943B2D}.Devp4|x64.Build.0 = Debug|Any CPU
		{487C1507-DD18-44F9-81D1-EAD67F943B2D}.Devp4|x86.ActiveCfg = Debug|Any CPU
		{487C1507-DD18-44F9-81D1-EAD67F943B2D}.Devp4|x86.Build.0 = Debug|Any CPU
		{487C1507-DD18-44F9-81D1-EAD67F943B2D}.Release|Any CPU.ActiveCfg = Release|Any CPU
		{487C1507-DD18-44F9-81D1-EAD67F943B2D}.Release|Any CPU.Build.0 = Release|Any CPU
		{487C1507-DD18-44F9-81D1-EAD67F943B2D}.Release|ARM.ActiveCfg = Release|Any CPU
		{487C1507-DD18-44F9-81D1-EAD67F943B2D}.Release|ARM.Build.0 = Release|Any CPU
		{487C1507-DD18-44F9-81D1-EAD67F943B2D}.Release|x64.ActiveCfg = Release|Any CPU
		{487C1507-DD18-44F9-81D1-EAD67F943B2D}.Release|x64.Build.0 = Release|Any CPU
		{487C1507-DD18-44F9-81D1-EAD67F943B2D}.Release|x86.ActiveCfg = Release|Any CPU
		{487C1507-DD18-44F9-81D1-EAD67F943B2D}.Release|x86.Build.0 = Release|Any CPU
		{390CEC86-A25B-4DB3-B7A0-AC1D1C035023}.CI|Any CPU.ActiveCfg = Release|Any CPU
		{390CEC86-A25B-4DB3-B7A0-AC1D1C035023}.CI|Any CPU.Build.0 = Release|Any CPU
		{390CEC86-A25B-4DB3-B7A0-AC1D1C035023}.CI|ARM.ActiveCfg = Release|Any CPU
		{390CEC86-A25B-4DB3-B7A0-AC1D1C035023}.CI|ARM.Build.0 = Release|Any CPU
		{390CEC86-A25B-4DB3-B7A0-AC1D1C035023}.CI|x64.ActiveCfg = Release|Any CPU
		{390CEC86-A25B-4DB3-B7A0-AC1D1C035023}.CI|x64.Build.0 = Release|Any CPU
		{390CEC86-A25B-4DB3-B7A0-AC1D1C035023}.CI|x86.ActiveCfg = Release|Any CPU
		{390CEC86-A25B-4DB3-B7A0-AC1D1C035023}.CI|x86.Build.0 = Release|Any CPU
		{390CEC86-A25B-4DB3-B7A0-AC1D1C035023}.Debug|Any CPU.ActiveCfg = Debug|Any CPU
		{390CEC86-A25B-4DB3-B7A0-AC1D1C035023}.Debug|Any CPU.Build.0 = Debug|Any CPU
		{390CEC86-A25B-4DB3-B7A0-AC1D1C035023}.Debug|ARM.ActiveCfg = Debug|Any CPU
		{390CEC86-A25B-4DB3-B7A0-AC1D1C035023}.Debug|ARM.Build.0 = Debug|Any CPU
		{390CEC86-A25B-4DB3-B7A0-AC1D1C035023}.Debug|x64.ActiveCfg = Debug|Any CPU
		{390CEC86-A25B-4DB3-B7A0-AC1D1C035023}.Debug|x64.Build.0 = Debug|Any CPU
		{390CEC86-A25B-4DB3-B7A0-AC1D1C035023}.Debug|x86.ActiveCfg = Debug|Any CPU
		{390CEC86-A25B-4DB3-B7A0-AC1D1C035023}.Debug|x86.Build.0 = Debug|Any CPU
		{390CEC86-A25B-4DB3-B7A0-AC1D1C035023}.Dev|Any CPU.ActiveCfg = Debug|Any CPU
		{390CEC86-A25B-4DB3-B7A0-AC1D1C035023}.Dev|Any CPU.Build.0 = Debug|Any CPU
		{390CEC86-A25B-4DB3-B7A0-AC1D1C035023}.Dev|ARM.ActiveCfg = Debug|Any CPU
		{390CEC86-A25B-4DB3-B7A0-AC1D1C035023}.Dev|ARM.Build.0 = Debug|Any CPU
		{390CEC86-A25B-4DB3-B7A0-AC1D1C035023}.Dev|x64.ActiveCfg = Debug|Any CPU
		{390CEC86-A25B-4DB3-B7A0-AC1D1C035023}.Dev|x64.Build.0 = Debug|Any CPU
		{390CEC86-A25B-4DB3-B7A0-AC1D1C035023}.Dev|x86.ActiveCfg = Debug|Any CPU
		{390CEC86-A25B-4DB3-B7A0-AC1D1C035023}.Dev|x86.Build.0 = Debug|Any CPU
		{390CEC86-A25B-4DB3-B7A0-AC1D1C035023}.Devp4|Any CPU.ActiveCfg = Debug|Any CPU
		{390CEC86-A25B-4DB3-B7A0-AC1D1C035023}.Devp4|Any CPU.Build.0 = Debug|Any CPU
		{390CEC86-A25B-4DB3-B7A0-AC1D1C035023}.Devp4|ARM.ActiveCfg = Debug|Any CPU
		{390CEC86-A25B-4DB3-B7A0-AC1D1C035023}.Devp4|ARM.Build.0 = Debug|Any CPU
		{390CEC86-A25B-4DB3-B7A0-AC1D1C035023}.Devp4|x64.ActiveCfg = Debug|Any CPU
		{390CEC86-A25B-4DB3-B7A0-AC1D1C035023}.Devp4|x64.Build.0 = Debug|Any CPU
		{390CEC86-A25B-4DB3-B7A0-AC1D1C035023}.Devp4|x86.ActiveCfg = Debug|Any CPU
		{390CEC86-A25B-4DB3-B7A0-AC1D1C035023}.Devp4|x86.Build.0 = Debug|Any CPU
		{390CEC86-A25B-4DB3-B7A0-AC1D1C035023}.Release|Any CPU.ActiveCfg = Release|Any CPU
		{390CEC86-A25B-4DB3-B7A0-AC1D1C035023}.Release|Any CPU.Build.0 = Release|Any CPU
		{390CEC86-A25B-4DB3-B7A0-AC1D1C035023}.Release|ARM.ActiveCfg = Release|Any CPU
		{390CEC86-A25B-4DB3-B7A0-AC1D1C035023}.Release|ARM.Build.0 = Release|Any CPU
		{390CEC86-A25B-4DB3-B7A0-AC1D1C035023}.Release|x64.ActiveCfg = Release|Any CPU
		{390CEC86-A25B-4DB3-B7A0-AC1D1C035023}.Release|x64.Build.0 = Release|Any CPU
		{390CEC86-A25B-4DB3-B7A0-AC1D1C035023}.Release|x86.ActiveCfg = Release|Any CPU
		{390CEC86-A25B-4DB3-B7A0-AC1D1C035023}.Release|x86.Build.0 = Release|Any CPU
	EndGlobalSection
	GlobalSection(SolutionProperties) = preSolution
		HideSolutionNode = FALSE
	EndGlobalSection
	GlobalSection(NestedProjects) = preSolution
		{9AA60571-754D-442E-922D-CFC7CC66808C} = {16A9EA72-79A5-448D-B7A3-55E7D8362479}
		{1E2035E1-C1BD-4C15-AC03-660D0A190E4E} = {FA582319-EA17-4C52-870D-C00EF793628F}
		{C3391BDE-A79D-4CA0-899E-B308F451C075} = {023F1F7D-5F49-430F-9CC4-5FF891439548}
		{487C1507-DD18-44F9-81D1-EAD67F943B2D} = {59F722D5-6E5C-4544-A849-18E7CE876FDF}
		{390CEC86-A25B-4DB3-B7A0-AC1D1C035023} = {59F722D5-6E5C-4544-A849-18E7CE876FDF}
	EndGlobalSection
EndGlobal
